
Microsoft Visual Studio Solution File, Format Version 12.00
# Visual Studio Version 17
VisualStudioVersion = 17.8.34330.188
MinimumVisualStudioVersion = 10.0.40219.1
Project("{9A19103F-16F7-4668-BE54-9A1E7A4F7556}") = "RestWithAspNet", "WebApplication1\RestWithAspNet.csproj", "{3B04D10E-93E5-4EEA-A2FE-811C1C34C627}"
EndProject
Global
	GlobalSection(SolutionConfigurationPlatforms) = preSolution
		Debug|Any CPU = Debug|Any CPU
		Release|Any CPU = Release|Any CPU
	EndGlobalSection
	GlobalSection(ProjectConfigurationPlatforms) = postSolution
		{3B04D10E-93E5-4EEA-A2FE-811C1C34C627}.Debug|Any CPU.ActiveCfg = Debug|Any CPU
		{3B04D10E-93E5-4EEA-A2FE-811C1C34C627}.Debug|Any CPU.Build.0 = Debug|Any CPU
		{3B04D10E-93E5-4EEA-A2FE-811C1C34C627}.Release|Any CPU.ActiveCfg = Release|Any CPU
		{3B04D10E-93E5-4EEA-A2FE-811C1C34C627}.Release|Any CPU.Build.0 = Release|Any CPU
	EndGlobalSection
	GlobalSection(SolutionProperties) = preSolution
		HideSolutionNode = FALSE
	EndGlobalSection
	GlobalSection(ExtensibilityGlobals) = postSolution
		SolutionGuid = {26CD0B47-F8F4-4836-B4F1-BC81518C9C19}
	EndGlobalSection
EndGlobal
